Microsoft Visual Studio Solution File, Format Version 12.00
# Visual Studio 2012
Project("{FAE04EC0-301F-11D3-BF4B-00C04F79EFBC}") = "gdwithgittry3-gamefiles", "gdwithgittry3-gamefiles.csproj", "{840C91E6-CA50-4848-9970-70F2656F98BD}"
EndProject
Global
	GlobalSection(SolutionConfigurationPlatforms) = preSolution
	Debug|Any CPU = Debug|Any CPU
	ExportDebug|Any CPU = ExportDebug|Any CPU
	ExportRelease|Any CPU = ExportRelease|Any CPU
	EndGlobalSection
	GlobalSection(ProjectConfigurationPlatforms) = postSolution
		{840C91E6-CA50-4848-9970-70F2656F98BD}.Debug|Any CPU.ActiveCfg = Debug|Any CPU
		{840C91E6-CA50-4848-9970-70F2656F98BD}.Debug|Any CPU.Build.0 = Debug|Any CPU
		{840C91E6-CA50-4848-9970-70F2656F98BD}.ExportDebug|Any CPU.ActiveCfg = ExportDebug|Any CPU
		{840C91E6-CA50-4848-9970-70F2656F98BD}.ExportDebug|Any CPU.Build.0 = ExportDebug|Any CPU
		{840C91E6-CA50-4848-9970-70F2656F98BD}.ExportRelease|Any CPU.ActiveCfg = ExportRelease|Any CPU
		{840C91E6-CA50-4848-9970-70F2656F98BD}.ExportRelease|Any CPU.Build.0 = ExportRelease|Any CPU
	EndGlobalSection
EndGlobal
